
Microsoft Visual Studio Solution File, Format Version 12.00
# Visual Studio Version 17
VisualStudioVersion = 17.8.34511.84
MinimumVisualStudioVersion = 10.0.40219.1
Project("{8BC9CEB8-8B4A-11D0-8D11-00A0C91BC942}") = "Solver", "Solver\Solver.vcxproj", "{A38B9225-E667-4A93-A46B-15D8F99F2A98}"
EndProject
Project("{8BC9CEB8-8B4A-11D0-8D11-00A0C91BC942}") = "SolverUnitTests", "SolverUnitTests\SolverUnitTests.vcxproj", "{8EFB56F3-F38A-4CEB-9A73-E6CF93730EA2}"
EndProject
Global
	GlobalSection(SolutionConfigurationPlatforms) = preSolution
		Debug|x64 = Debug|x64
		Debug|x86 = Debug|x86
		Release|x64 = Release|x64
		Release|x86 = Release|x86
	EndGlobalSection
	GlobalSection(ProjectConfigurationPlatforms) = postSolution
		{A38B9225-E667-4A93-A46B-15D8F99F2A98}.Debug|x64.ActiveCfg = Debug|x64
		{A38B9225-E667-4A93-A46B-15D8F99F2A98}.Debug|x64.Build.0 = Debug|x64
		{A38B9225-E667-4A93-A46B-15D8F99F2A98}.Debug|x86.ActiveCfg = Debug|Win32
		{A38B9225-E667-4A93-A46B-15D8F99F2A98}.Debug|x86.Build.0 = Debug|Win32
		{A38B9225-E667-4A93-A46B-15D8F99F2A98}.Release|x64.ActiveCfg = Release|x64
		{A38B9225-E667-4A93-A46B-15D8F99F2A98}.Release|x64.Build.0 = Release|x64
		{A38B9225-E667-4A93-A46B-15D8F99F2A98}.Release|x86.ActiveCfg = Release|Win32
		{A38B9225-E667-4A93-A46B-15D8F99F2A98}.Release|x86.Build.0 = Release|Win32
		{8EFB56F3-F38A-4CEB-9A73-E6CF93730EA2}.Debug|x64.ActiveCfg = Debug|x64
		{8EFB56F3-F38A-4CEB-9A73-E6CF93730EA2}.Debug|x64.Build.0 = Debug|x64
		{8EFB56F3-F38A-4CEB-9A73-E6CF93730EA2}.Debug|x86.ActiveCfg = Debug|Win32
		{8EFB56F3-F38A-4CEB-9A73-E6CF93730EA2}.Debug|x86.Build.0 = Debug|Win32
		{8EFB56F3-F38A-4CEB-9A73-E6CF93730EA2}.Release|x64.ActiveCfg = Release|x64
		{8EFB56F3-F38A-4CEB-9A73-E6CF93730EA2}.Release|x64.Build.0 = Release|x64
		{8EFB56F3-F38A-4CEB-9A73-E6CF93730EA2}.Release|x86.ActiveCfg = Release|Win32
		{8EFB56F3-F38A-4CEB-9A73-E6CF93730EA2}.Release|x86.Build.0 = Release|Win32
	EndGlobalSection
	GlobalSection(SolutionProperties) = preSolution
		HideSolutionNode = FALSE
	EndGlobalSection
	GlobalSection(ExtensibilityGlobals) = postSolution
		SolutionGuid = {7CDE41C0-AF9E-43C3-8245-00BFDFEAFDAE}
	EndGlobalSection
EndGlobal
